
Microsoft Visual Studio Solution File, Format Version 12.00
# Visual Studio Version 16
VisualStudioVersion = 16.0.31727.386
MinimumVisualStudioVersion = 10.0.40219.1
Project("{8BC9CEB8-8B4A-11D0-8D11-00A0C91BC942}") = "12865", "baekjun\baekjun.vcxproj", "{B80D1FFA-59F9-430A-9E88-48D033C05344}"
EndProject
Project("{8BC9CEB8-8B4A-11D0-8D11-00A0C91BC942}") = "1655", "1655\1655.vcxproj", "{BC5F0A77-5D17-4D4B-81AE-55DFC6F2AACB}"
EndProject
Project("{8BC9CEB8-8B4A-11D0-8D11-00A0C91BC942}") = "10430", "3197\3197.vcxproj", "{BA73C188-A391-4C3B-BFAD-5755BD0B893A}"
EndProject
Project("{8BC9CEB8-8B4A-11D0-8D11-00A0C91BC942}") = "10828", "10828\10828.vcxproj", "{F3DDD334-EEE4-47E2-95EF-E167FFF72C84}"
EndProject
Project("{8BC9CEB8-8B4A-11D0-8D11-00A0C91BC942}") = "2753", "2753\2753.vcxproj", "{0AF118D8-2F30-433D-A43A-18E8DBB974D7}"
EndProject
Project("{8BC9CEB8-8B4A-11D0-8D11-00A0C91BC942}") = "14681", "14681\14681.vcxproj", "{7D22CF04-48FC-4EBF-BFEF-9E2A1505AA5D}"
EndProject
Project("{8BC9CEB8-8B4A-11D0-8D11-00A0C91BC942}") = "2739", "2739\2739.vcxproj", "{C0E8455E-73EB-4C57-A0E3-D69165D5A61D}"
EndProject
Project("{8BC9CEB8-8B4A-11D0-8D11-00A0C91BC942}") = "10950", "10950\10950.vcxproj", "{B69EEB96-0DA0-45F7-98F4-34B1AB34E9AA}"
EndProject
Project("{8BC9CEB8-8B4A-11D0-8D11-00A0C91BC942}") = "15552", "15552\15552.vcxproj", "{580DF4A5-41AA-48EB-9549-51BDA5A7B29E}"
EndProject
Project("{8BC9CEB8-8B4A-11D0-8D11-00A0C91BC942}") = "2741", "2741\2741.vcxproj", "{A2CC94D0-7449-47AA-BE30-CD61351FE28C}"
EndProject
Project("{8BC9CEB8-8B4A-11D0-8D11-00A0C91BC942}") = "2742", "2742\2742.vcxproj", "{05816493-E1BE-4CB9-BEAC-26B4A695A9EE}"
EndProject
Project("{8BC9CEB8-8B4A-11D0-8D11-00A0C91BC942}") = "11021", "11021\11021.vcxproj", "{80D5EEAE-7943-444B-AB46-5AE052BE1BAD}"
EndProject
Project("{8BC9CEB8-8B4A-11D0-8D11-00A0C91BC942}") = "11022", "11022\11022.vcxproj", "{F8D9B324-45C8-47D2-9E45-C4517B972794}"
EndProject
Project("{8BC9CEB8-8B4A-11D0-8D11-00A0C91BC942}") = "2438", "2438\2438.vcxproj", "{3DD62D16-FDFA-44C3-AFDC-DD223B711F48}"
EndProject
Project("{8BC9CEB8-8B4A-11D0-8D11-00A0C91BC942}") = "2439", "2439\2439.vcxproj", "{342A6237-D82B-4AE7-95FC-08D858E492BD}"
EndProject
Project("{8BC9CEB8-8B4A-11D0-8D11-00A0C91BC942}") = "10871", "10871\10871.vcxproj", "{8D676C3C-E7F4-4AA0-A3F7-3C27B627D234}"
EndProject
Project("{8BC9CEB8-8B4A-11D0-8D11-00A0C91BC942}") = "2580", "2580\2580.vcxproj", "{8DEA9D51-D081-4706-858A-EDE82BE7E97E}"
EndProject
Project("{8BC9CEB8-8B4A-11D0-8D11-00A0C91BC942}") = "9663", "9663\9663.vcxproj", "{44824CD1-1E59-41A6-BFCA-6A281FFCBA1F}"
EndProject
Project("{8BC9CEB8-8B4A-11D0-8D11-00A0C91BC942}") = "1969", "1969\1969.vcxproj", "{88363230-1D82-4706-BA7B-BD89D4D1251A}"
EndProject
Project("{8BC9CEB8-8B4A-11D0-8D11-00A0C91BC942}") = "17626", "17626\17626.vcxproj", "{C3A560A2-2878-4A34-AA6F-8B7758A0DE29}"
EndProject
Project("{8BC9CEB8-8B4A-11D0-8D11-00A0C91BC942}") = "1895", "1895\1895.vcxproj", "{0AC49751-03C3-405C-915D-646AF08DA4E6}"
EndProject
Project("{8BC9CEB8-8B4A-11D0-8D11-00A0C91BC942}") = "13423", "13423\13423.vcxproj", "{48047C6C-9A72-4DF6-9462-D2440CB99339}"
EndProject
Global
	GlobalSection(SolutionConfigurationPlatforms) = preSolution
		Debug|x64 = Debug|x64
		Debug|x86 = Debug|x86
		Release|x64 = Release|x64
		Release|x86 = Release|x86
	EndGlobalSection
	GlobalSection(ProjectConfigurationPlatforms) = postSolution
		{B80D1FFA-59F9-430A-9E88-48D033C05344}.Debug|x64.ActiveCfg = Debug|x64
		{B80D1FFA-59F9-430A-9E88-48D033C05344}.Debug|x64.Build.0 = Debug|x64
		{B80D1FFA-59F9-430A-9E88-48D033C05344}.Debug|x86.ActiveCfg = Debug|Win32
		{B80D1FFA-59F9-430A-9E88-48D033C05344}.Debug|x86.Build.0 = Debug|Win32
		{B80D1FFA-59F9-430A-9E88-48D033C05344}.Release|x64.ActiveCfg = Release|x64
		{B80D1FFA-59F9-430A-9E88-48D033C05344}.Release|x64.Build.0 = Release|x64
		{B80D1FFA-59F9-430A-9E88-48D033C05344}.Release|x86.ActiveCfg = Release|Win32
		{B80D1FFA-59F9-430A-9E88-48D033C05344}.Release|x86.Build.0 = Release|Win32
		{BC5F0A77-5D17-4D4B-81AE-55DFC6F2AACB}.Debug|x64.ActiveCfg = Debug|x64
		{BC5F0A77-5D17-4D4B-81AE-55DFC6F2AACB}.Debug|x64.Build.0 = Debug|x64
		{BC5F0A77-5D17-4D4B-81AE-55DFC6F2AACB}.Debug|x86.ActiveCfg = Debug|Win32
		{BC5F0A77-5D17-4D4B-81AE-55DFC6F2AACB}.Debug|x86.Build.0 = Debug|Win32
		{BC5F0A77-5D17-4D4B-81AE-55DFC6F2AACB}.Release|x64.ActiveCfg = Release|x64
		{BC5F0A77-5D17-4D4B-81AE-55DFC6F2AACB}.Release|x64.Build.0 = Release|x64
		{BC5F0A77-5D17-4D4B-81AE-55DFC6F2AACB}.Release|x86.ActiveCfg = Release|Win32
		{BC5F0A77-5D17-4D4B-81AE-55DFC6F2AACB}.Release|x86.Build.0 = Release|Win32
		{BA73C188-A391-4C3B-BFAD-5755BD0B893A}.Debug|x64.ActiveCfg = Debug|x64
		{BA73C188-A391-4C3B-BFAD-5755BD0B893A}.Debug|x64.Build.0 = Debug|x64
		{BA73C188-A391-4C3B-BFAD-5755BD0B893A}.Debug|x86.ActiveCfg = Debug|Win32
		{BA73C188-A391-4C3B-BFAD-5755BD0B893A}.Debug|x86.Build.0 = Debug|Win32
		{BA73C188-A391-4C3B-BFAD-5755BD0B893A}.Release|x64.ActiveCfg = Release|x64
		{BA73C188-A391-4C3B-BFAD-5755BD0B893A}.Release|x64.Build.0 = Release|x64
		{BA73C188-A391-4C3B-BFAD-5755BD0B893A}.Release|x86.ActiveCfg = Release|Win32
		{BA73C188-A391-4C3B-BFAD-5755BD0B893A}.Release|x86.Build.0 = Release|Win32
		{F3DDD334-EEE4-47E2-95EF-E167FFF72C84}.Debug|x64.ActiveCfg = Debug|x64
		{F3DDD334-EEE4-47E2-95EF-E167FFF72C84}.Debug|x64.Build.0 = Debug|x64
		{F3DDD334-EEE4-47E2-95EF-E167FFF72C84}.Debug|x86.ActiveCfg = Debug|Win32
		{F3DDD334-EEE4-47E2-95EF-E167FFF72C84}.Debug|x86.Build.0 = Debug|Win32
		{F3DDD334-EEE4-47E2-95EF-E167FFF72C84}.Release|x64.ActiveCfg = Release|x64
		{F3DDD334-EEE4-47E2-95EF-E167FFF72C84}.Release|x64.Build.0 = Release|x64
		{F3DDD334-EEE4-47E2-95EF-E167FFF72C84}.Release|x86.ActiveCfg = Release|Win32
		{F3DDD334-EEE4-47E2-95EF-E167FFF72C84}.Release|x86.Build.0 = Release|Win32
		{0AF118D8-2F30-433D-A43A-18E8DBB974D7}.Debug|x64.ActiveCfg = Debug|x64
		{0AF118D8-2F30-433D-A43A-18E8DBB974D7}.Debug|x64.Build.0 = Debug|x64
		{0AF118D8-2F30-433D-A43A-18E8DBB974D7}.Debug|x86.ActiveCfg = Debug|Win32
		{0AF118D8-2F30-433D-A43A-18E8DBB974D7}.Debug|x86.Build.0 = Debug|Win32
		{0AF118D8-2F30-433D-A43A-18E8DBB974D7}.Release|x64.ActiveCfg = Release|x64
		{0AF118D8-2F30-433D-A43A-18E8DBB974D7}.Release|x64.Build.0 = Release|x64
		{0AF118D8-2F30-433D-A43A-18E8DBB974D7}.Release|x86.ActiveCfg = Release|Win32
		{0AF118D8-2F30-433D-A43A-18E8DBB974D7}.Release|x86.Build.0 = Release|Win32
		{7D22CF04-48FC-4EBF-BFEF-9E2A1505AA5D}.Debug|x64.ActiveCfg = Debug|x64
		{7D22CF04-48FC-4EBF-BFEF-9E2A1505AA5D}.Debug|x64.Build.0 = Debug|x64
		{7D22CF04-48FC-4EBF-BFEF-9E2A1505AA5D}.Debug|x86.ActiveCfg = Debug|Win32
		{7D22CF04-48FC-4EBF-BFEF-9E2A1505AA5D}.Debug|x86.Build.0 = Debug|Win32
		{7D22CF04-48FC-4EBF-BFEF-9E2A1505AA5D}.Release|x64.ActiveCfg = Release|x64
		{7D22CF04-48FC-4EBF-BFEF-9E2A1505AA5D}.Release|x64.Build.0 = Release|x64
		{7D22CF04-48FC-4EBF-BFEF-9E2A1505AA5D}.Release|x86.ActiveCfg = Release|Win32
		{7D22CF04-48FC-4EBF-BFEF-9E2A1505AA5D}.Release|x86.Build.0 = Release|Win32
		{C0E8455E-73EB-4C57-A0E3-D69165D5A61D}.Debug|x64.ActiveCfg = Debug|x64
		{C0E8455E-73EB-4C57-A0E3-D69165D5A61D}.Debug|x64.Build.0 = Debug|x64
		{C0E8455E-73EB-4C57-A0E3-D69165D5A61D}.Debug|x86.ActiveCfg = Debug|Win32
		{C0E8455E-73EB-4C57-A0E3-D69165D5A61D}.Debug|x86.Build.0 = Debug|Win32
		{C0E8455E-73EB-4C57-A0E3-D69165D5A61D}.Release|x64.ActiveCfg = Release|x64
		{C0E8455E-73EB-4C57-A0E3-D69165D5A61D}.Release|x64.Build.0 = Release|x64
		{C0E8455E-73EB-4C57-A0E3-D69165D5A61D}.Release|x86.ActiveCfg = Release|Win32
		{C0E8455E-73EB-4C57-A0E3-D69165D5A61D}.Release|x86.Build.0 = Release|Win32
		{B69EEB96-0DA0-45F7-98F4-34B1AB34E9AA}.Debug|x64.ActiveCfg = Debug|x64
		{B69EEB96-0DA0-45F7-98F4-34B1AB34E9AA}.Debug|x64.Build.0 = Debug|x64
		{B69EEB96-0DA0-45F7-98F4-34B1AB34E9AA}.Debug|x86.ActiveCfg = Debug|Win32
		{B69EEB96-0DA0-45F7-98F4-34B1AB34E9AA}.Debug|x86.Build.0 = Debug|Win32
		{B69EEB96-0DA0-45F7-98F4-34B1AB34E9AA}.Release|x64.ActiveCfg = Release|x64
		{B69EEB96-0DA0-45F7-98F4-34B1AB34E9AA}.Release|x64.Build.0 = Release|x64
		{B69EEB96-0DA0-45F7-98F4-34B1AB34E9AA}.Release|x86.ActiveCfg = Release|Win32
		{B69EEB96-0DA0-45F7-98F4-34B1AB34E9AA}.Release|x86.Build.0 = Release|Win32
		{580DF4A5-41AA-48EB-9549-51BDA5A7B29E}.Debug|x64.ActiveCfg = Debug|x64
		{580DF4A5-41AA-48EB-9549-51BDA5A7B29E}.Debug|x64.Build.0 = Debug|x64
		{580DF4A5-41AA-48EB-9549-51BDA5A7B29E}.Debug|x86.ActiveCfg = Debug|Win32
		{580DF4A5-41AA-48EB-9549-51BDA5A7B29E}.Debug|x86.Build.0 = Debug|Win32
		{580DF4A5-41AA-48EB-9549-51BDA5A7B29E}.Release|x64.ActiveCfg = Release|x64
		{580DF4A5-41AA-48EB-9549-51BDA5A7B29E}.Release|x64.Build.0 = Release|x64
		{580DF4A5-41AA-48EB-9549-51BDA5A7B29E}.Release|x86.ActiveCfg = Release|Win32
		{580DF4A5-41AA-48EB-9549-51BDA5A7B29E}.Release|x86.Build.0 = Release|Win32
		{A2CC94D0-7449-47AA-BE30-CD61351FE28C}.Debug|x64.ActiveCfg = Debug|x64
		{A2CC94D0-7449-47AA-BE30-CD61351FE28C}.Debug|x64.Build.0 = Debug|x64
		{A2CC94D0-7449-47AA-BE30-CD61351FE28C}.Debug|x86.ActiveCfg = Debug|Win32
		{A2CC94D0-7449-47AA-BE30-CD61351FE28C}.Debug|x86.Build.0 = Debug|Win32
		{A2CC94D0-7449-47AA-BE30-CD61351FE28C}.Release|x64.ActiveCfg = Release|x64
		{A2CC94D0-7449-47AA-BE30-CD61351FE28C}.Release|x64.Build.0 = Release|x64
		{A2CC94D0-7449-47AA-BE30-CD61351FE28C}.Release|x86.ActiveCfg = Release|Win32
		{A2CC94D0-7449-47AA-BE30-CD61351FE28C}.Release|x86.Build.0 = Release|Win32
		{05816493-E1BE-4CB9-BEAC-26B4A695A9EE}.Debug|x64.ActiveCfg = Debug|x64
		{05816493-E1BE-4CB9-BEAC-26B4A695A9EE}.Debug|x64.Build.0 = Debug|x64
		{05816493-E1BE-4CB9-BEAC-26B4A695A9EE}.Debug|x86.ActiveCfg = Debug|Win32
		{05816493-E1BE-4CB9-BEAC-26B4A695A9EE}.Debug|x86.Build.0 = Debug|Win32
		{05816493-E1BE-4CB9-BEAC-26B4A695A9EE}.Release|x64.ActiveCfg = Release|x64
		{05816493-E1BE-4CB9-BEAC-26B4A695A9EE}.Release|x64.Build.0 = Release|x64
		{05816493-E1BE-4CB9-BEAC-26B4A695A9EE}.Release|x86.ActiveCfg = Release|Win32
		{05816493-E1BE-4CB9-BEAC-26B4A695A9EE}.Release|x86.Build.0 = Release|Win32
		{80D5EEAE-7943-444B-AB46-5AE052BE1BAD}.Debug|x64.ActiveCfg = Debug|x64
		{80D5EEAE-7943-444B-AB46-5AE052BE1BAD}.Debug|x64.Build.0 = Debug|x64
		{80D5EEAE-7943-444B-AB46-5AE052BE1BAD}.Debug|x86.ActiveCfg = Debug|Win32
		{80D5EEAE-7943-444B-AB46-5AE052BE1BAD}.Debug|x86.Build.0 = Debug|Win32
		{80D5EEAE-7943-444B-AB46-5AE052BE1BAD}.Release|x64.ActiveCfg = Release|x64
		{80D5EEAE-7943-444B-AB46-5AE052BE1BAD}.Release|x64.Build.0 = Release|x64
		{80D5EEAE-7943-444B-AB46-5AE052BE1BAD}.Release|x86.ActiveCfg = Release|Win32
		{80D5EEAE-7943-444B-AB46-5AE052BE1BAD}.Release|x86.Build.0 = Release|Win32
		{F8D9B324-45C8-47D2-9E45-C4517B972794}.Debug|x64.ActiveCfg = Debug|x64
		{F8D9B324-45C8-47D2-9E45-C4517B972794}.Debug|x64.Build.0 = Debug|x64
		{F8D9B324-45C8-47D2-9E45-C4517B972794}.Debug|x86.ActiveCfg = Debug|Win32
		{F8D9B324-45C8-47D2-9E45-C4517B972794}.Debug|x86.Build.0 = Debug|Win32
		{F8D9B324-45C8-47D2-9E45-C4517B972794}.Release|x64.ActiveCfg = Release|x64
		{F8D9B324-45C8-47D2-9E45-C4517B972794}.Release|x64.Build.0 = Release|x64
		{F8D9B324-45C8-47D2-9E45-C4517B972794}.Release|x86.ActiveCfg = Release|Win32
		{F8D9B324-45C8-47D2-9E45-C4517B972794}.Release|x86.Build.0 = Release|Win32
		{3DD62D16-FDFA-44C3-AFDC-DD223B711F48}.Debug|x64.ActiveCfg = Debug|x64
		{3DD62D16-FDFA-44C3-AFDC-DD223B711F48}.Debug|x64.Build.0 = Debug|x64
		{3DD62D16-FDFA-44C3-AFDC-DD223B711F48}.Debug|x86.ActiveCfg = Debug|Win32
		{3DD62D16-FDFA-44C3-AFDC-DD223B711F48}.Debug|x86.Build.0 = Debug|Win32
		{3DD62D16-FDFA-44C3-AFDC-DD223B711F48}.Release|x64.ActiveCfg = Release|x64
		{3DD62D16-FDFA-44C3-AFDC-DD223B711F48}.Release|x64.Build.0 = Release|x64
		{3DD62D16-FDFA-44C3-AFDC-DD223B711F48}.Release|x86.ActiveCfg = Release|Win32
		{3DD62D16-FDFA-44C3-AFDC-DD223B711F48}.Release|x86.Build.0 = Release|Win32
		{342A6237-D82B-4AE7-95FC-08D858E492BD}.Debug|x64.ActiveCfg = Debug|x64
		{342A6237-D82B-4AE7-95FC-08D858E492BD}.Debug|x64.Build.0 = Debug|x64
		{342A6237-D82B-4AE7-95FC-08D858E492BD}.Debug|x86.ActiveCfg = Debug|Win32
		{342A6237-D82B-4AE7-95FC-08D858E492BD}.Debug|x86.Build.0 = Debug|Win32
		{342A6237-D82B-4AE7-95FC-08D858E492BD}.Release|x64.ActiveCfg = Release|x64
		{342A6237-D82B-4AE7-95FC-08D858E492BD}.Release|x64.Build.0 = Release|x64
		{342A6237-D82B-4AE7-95FC-08D858E492BD}.Release|x86.ActiveCfg = Release|Win32
		{342A6237-D82B-4AE7-95FC-08D858E492BD}.Release|x86.Build.0 = Release|Win32
		{8D676C3C-E7F4-4AA0-A3F7-3C27B627D234}.Debug|x64.ActiveCfg = Debug|x64
		{8D676C3C-E7F4-4AA0-A3F7-3C27B627D234}.Debug|x64.Build.0 = Debug|x64
		{8D676C3C-E7F4-4AA0-A3F7-3C27B627D234}.Debug|x86.ActiveCfg = Debug|Win32
		{8D676C3C-E7F4-4AA0-A3F7-3C27B627D234}.Debug|x86.Build.0 = Debug|Win32
		{8D676C3C-E7F4-4AA0-A3F7-3C27B627D234}.Release|x64.ActiveCfg = Release|x64
		{8D676C3C-E7F4-4AA0-A3F7-3C27B627D234}.Release|x64.Build.0 = Release|x64
		{8D676C3C-E7F4-4AA0-A3F7-3C27B627D234}.Release|x86.ActiveCfg = Release|Win32
		{8D676C3C-E7F4-4AA0-A3F7-3C27B627D234}.Release|x86.Build.0 = Release|Win32
		{8DEA9D51-D081-4706-858A-EDE82BE7E97E}.Debug|x64.ActiveCfg = Debug|x64
		{8DEA9D51-D081-4706-858A-EDE82BE7E97E}.Debug|x64.Build.0 = Debug|x64
		{8DEA9D51-D081-4706-858A-EDE82BE7E97E}.Debug|x86.ActiveCfg = Debug|Win32
		{8DEA9D51-D081-4706-858A-EDE82BE7E97E}.Debug|x86.Build.0 = Debug|Win32
		{8DEA9D51-D081-4706-858A-EDE82BE7E97E}.Release|x64.ActiveCfg = Release|x64
		{8DEA9D51-D081-4706-858A-EDE82BE7E97E}.Release|x64.Build.0 = Release|x64
		{8DEA9D51-D081-4706-858A-EDE82BE7E97E}.Release|x86.ActiveCfg = Release|Win32
		{8DEA9D51-D081-4706-858A-EDE82BE7E97E}.Release|x86.Build.0 = Release|Win32
		{44824CD1-1E59-41A6-BFCA-6A281FFCBA1F}.Debug|x64.ActiveCfg = Debug|x64
		{44824CD1-1E59-41A6-BFCA-6A281FFCBA1F}.Debug|x64.Build.0 = Debug|x64
		{44824CD1-1E59-41A6-BFCA-6A281FFCBA1F}.Debug|x86.ActiveCfg = Debug|Win32
		{44824CD1-1E59-41A6-BFCA-6A281FFCBA1F}.Debug|x86.Build.0 = Debug|Win32
		{44824CD1-1E59-41A6-BFCA-6A281FFCBA1F}.Release|x64.ActiveCfg = Release|x64
		{44824CD1-1E59-41A6-BFCA-6A281FFCBA1F}.Release|x64.Build.0 = Release|x64
		{44824CD1-1E59-41A6-BFCA-6A281FFCBA1F}.Release|x86.ActiveCfg = Release|Win32
		{44824CD1-1E59-41A6-BFCA-6A281FFCBA1F}.Release|x86.Build.0 = Release|Win32
		{88363230-1D82-4706-BA7B-BD89D4D1251A}.Debug|x64.ActiveCfg = Debug|x64
		{88363230-1D82-4706-BA7B-BD89D4D1251A}.Debug|x64.Build.0 = Debug|x64
		{88363230-1D82-4706-BA7B-BD89D4D1251A}.Debug|x86.ActiveCfg = Debug|Win32
		{88363230-1D82-4706-BA7B-BD89D4D1251A}.Debug|x86.Build.0 = Debug|Win32
		{88363230-1D82-4706-BA7B-BD89D4D1251A}.Release|x64.ActiveCfg = Release|x64
		{88363230-1D82-4706-BA7B-BD89D4D1251A}.Release|x64.Build.0 = Release|x64
		{88363230-1D82-4706-BA7B-BD89D4D1251A}.Release|x86.ActiveCfg = Release|Win32
		{88363230-1D82-4706-BA7B-BD89D4D1251A}.Release|x86.Build.0 = Release|Win32
		{C3A560A2-2878-4A34-AA6F-8B7758A0DE29}.Debug|x64.ActiveCfg = Debug|x64
		{C3A560A2-2878-4A34-AA6F-8B7758A0DE29}.Debug|x64.Build.0 = Debug|x64
		{C3A560A2-2878-4A34-AA6F-8B7758A0DE29}.Debug|x86.ActiveCfg = Debug|Win32
		{C3A560A2-2878-4A34-AA6F-8B7758A0DE29}.Debug|x86.Build.0 = Debug|Win32
		{C3A560A2-2878-4A34-AA6F-8B7758A0DE29}.Release|x64.ActiveCfg = Release|x64
		{C3A560A2-2878-4A34-AA6F-8B7758A0DE29}.Release|x64.Build.0 = Release|x64
		{C3A560A2-2878-4A34-AA6F-8B7758A0DE29}.Release|x86.ActiveCfg = Release|Win32
		{C3A560A2-2878-4A34-AA6F-8B7758A0DE29}.Release|x86.Build.0 = Release|Win32
		{0AC49751-03C3-405C-915D-646AF08DA4E6}.Debug|x64.ActiveCfg = Debug|x64
		{0AC49751-03C3-405C-915D-646AF08DA4E6}.Debug|x64.Build.0 = Debug|x64
		{0AC49751-03C3-405C-915D-646AF08DA4E6}.Debug|x86.ActiveCfg = Debug|Win32
		{0AC49751-03C3-405C-915D-646AF08DA4E6}.Debug|x86.Build.0 = Debug|Win32
		{0AC49751-03C3-405C-915D-646AF08DA4E6}.Release|x64.ActiveCfg = Release|x64
		{0AC49751-03C3-405C-915D-646AF08DA4E6}.Release|x64.Build.0 = Release|x64
		{0AC49751-03C3-405C-915D-646AF08DA4E6}.Release|x86.ActiveCfg = Release|Win32
		{0AC49751-03C3-405C-915D-646AF08DA4E6}.Release|x86.Build.0 = Release|Win32
		{48047C6C-9A72-4DF6-9462-D2440CB99339}.Debug|x64.ActiveCfg = Debug|x64
		{48047C6C-9A72-4DF6-9462-D2440CB99339}.Debug|x64.Build.0 = Debug|x64
		{48047C6C-9A72-4DF6-9462-D2440CB99339}.Debug|x86.ActiveCfg = Debug|Win32
		{48047C6C-9A72-4DF6-9462-D2440CB99339}.Debug|x86.Build.0 = Debug|Win32
		{48047C6C-9A72-4DF6-9462-D2440CB99339}.Release|x64.ActiveCfg = Release|x64
		{48047C6C-9A72-4DF6-9462-D2440CB99339}.Release|x64.Build.0 = Release|x64
		{48047C6C-9A72-4DF6-9462-D2440CB99339}.Release|x86.ActiveCfg = Release|Win32
		{48047C6C-9A72-4DF6-9462-D2440CB99339}.Release|x86.Build.0 = Release|Win32
	EndGlobalSection
	GlobalSection(SolutionProperties) = preSolution
		HideSolutionNode = FALSE
	EndGlobalSection
	GlobalSection(ExtensibilityGlobals) = postSolution
		SolutionGuid = {CD0CA462-71D4-4E52-B32E-05A8BB83674F}
	EndGlobalSection
EndGlobal
